
Microsoft Visual Studio Solution File, Format Version 12.00
# Visual Studio 14
VisualStudioVersion = 14.0.25123.0
MinimumVisualStudioVersion = 10.0.40219.1
Project("{FAE04EC0-301F-11D3-BF4B-00C04F79EFBC}") = "dev_4.Domain", "dev_4.Domain\dev_4.Domain.csproj", "{3F9B8489-2130-4B3E-985E-397D5C8E141E}"
EndProject
Project("{FAE04EC0-301F-11D3-BF4B-00C04F79EFBC}") = "dev_4.Core", "dev_4.Core\dev_4.Core.csproj", "{287EBBFF-AE07-4D43-8E71-215FF79CE329}"
EndProject
Project("{FAE04EC0-301F-11D3-BF4B-00C04F79EFBC}") = "dev_4.Web", "dev_4.Web\dev_4.Web.csproj", "{AEAC785F-91B4-4A8C-B848-94594B758480}"
EndProject
Global
	GlobalSection(SolutionConfigurationPlatforms) = preSolution
		Debug|Any CPU = Debug|Any CPU
		Release|Any CPU = Release|Any CPU
	EndGlobalSection
	GlobalSection(ProjectConfigurationPlatforms) = postSolution
		{3F9B8489-2130-4B3E-985E-397D5C8E141E}.Debug|Any CPU.ActiveCfg = Debug|Any CPU
		{3F9B8489-2130-4B3E-985E-397D5C8E141E}.Debug|Any CPU.Build.0 = Debug|Any CPU
		{3F9B8489-2130-4B3E-985E-397D5C8E141E}.Release|Any CPU.ActiveCfg = Release|Any CPU
		{3F9B8489-2130-4B3E-985E-397D5C8E141E}.Release|Any CPU.Build.0 = Release|Any CPU
		{287EBBFF-AE07-4D43-8E71-215FF79CE329}.Debug|Any CPU.ActiveCfg = Debug|Any CPU
		{287EBBFF-AE07-4D43-8E71-215FF79CE329}.Debug|Any CPU.Build.0 = Debug|Any CPU
		{287EBBFF-AE07-4D43-8E71-215FF79CE329}.Release|Any CPU.ActiveCfg = Release|Any CPU
		{287EBBFF-AE07-4D43-8E71-215FF79CE329}.Release|Any CPU.Build.0 = Release|Any CPU
		{AEAC785F-91B4-4A8C-B848-94594B758480}.Debug|Any CPU.ActiveCfg = Debug|Any CPU
		{AEAC785F-91B4-4A8C-B848-94594B758480}.Debug|Any CPU.Build.0 = Debug|Any CPU
		{AEAC785F-91B4-4A8C-B848-94594B758480}.Release|Any CPU.ActiveCfg = Release|Any CPU
		{AEAC785F-91B4-4A8C-B848-94594B758480}.Release|Any CPU.Build.0 = Release|Any CPU
	EndGlobalSection
	GlobalSection(SolutionProperties) = preSolution
		HideSolutionNode = FALSE
	EndGlobalSection
EndGlobal
